<?xml version="1.0" encoding="UTF-8"?>
<Scheme
   version = "1.3">
   <BuildAction>
      <BuildActionEntries>
         <BuildActionEntry
            buildForRunning = "YES"
            buildForTesting = "YES">
            <BuildableReference
               BuildableIdentifier = "primary"
               BlueprintIdentifier = "44B1B2831A7E105C00AFD58F"
               BuildableName = "PlayWithDictionaryTests.xctest"
               BlueprintName = "PlayWithDictionaryTests"
               ReferencedContainer = "container:PlayWithDictionary.xcodeproj">
            </BuildableReference>
         </BuildActionEntry>
      </BuildActionEntries>
   </BuildAction>
   <TestAction
      buildConfiguration = "Debug">
      <Testables>
         <TestableReference>
            <BuildableReference
               BuildableIdentifier = "primary"
               BlueprintIdentifier = "44B1B2831A7E105C00AFD58F"
               BuildableName = "PlayWithDictionaryTests.xctest"
               BlueprintName = "PlayWithDictionaryTests"
               ReferencedContainer = "container:PlayWithDictionary.xcodeproj">
            </BuildableReference>
            <SkippedTests>
               <Test
                  Identifier = "PlayWithDictionaryTests/testExample">
               </Test>
               <Test
                  Identifier = "PlayWithDictionaryTests/testPerformance_searchInArray">
               </Test>
               <Test
                  Identifier = "PlayWithDictionaryTests/testPerformance_searchInDictionary">
               </Test>
            </SkippedTests>
         </TestableReference>
      </Testables>
   </TestAction>
   <LaunchAction
      useCustomWorkingDirectory = "NO">
   </LaunchAction>
</Scheme>
